{
  "name": "bats-mock",
  "version": "1.0.1",
  "lockfileVersion": 3,
  "requires": true,
  "packages": {
    "": {
      "name": "bats-mock",
      "version": "1.0.1",
      "license": "MIT",
      "peerDependencies": {
        "bats": "^1.9.0"
      }
    },
    "node_modules/bats": {
      "version": "1.11.0",
      "resolved": "https://registry.npmjs.org/bats/-/bats-1.11.0.tgz",
      "integrity": "sha512-qiKdnS4ID3bJ1MaEOKuZe12R4w+t+psJF0ICj+UdkiHBBoObPMHv8xmD3w6F4a5qwUyZUHS+413lxENBNy8xcQ==",
      "peer": true,
      "bin": {
        "bats": "bin/bats"
      }
    }
  }
}
